Microsoft Visual Studio Solution File, Format Version 12.00
# Visual Studio 2012
Project("{FAE04EC0-301F-11D3-BF4B-00C04F79EFBC}") = "CsharpTest", "CsharpTest.csproj", "{1DC72A50-324D-43C9-8E8C-C147B635B6A5}"
EndProject
Global
	GlobalSection(SolutionConfigurationPlatforms) = preSolution
	Debug|Any CPU = Debug|Any CPU
	ExportDebug|Any CPU = ExportDebug|Any CPU
	ExportRelease|Any CPU = ExportRelease|Any CPU
	EndGlobalSection
	GlobalSection(ProjectConfigurationPlatforms) = postSolution
		{1DC72A50-324D-43C9-8E8C-C147B635B6A5}.Debug|Any CPU.ActiveCfg = Debug|Any CPU
		{1DC72A50-324D-43C9-8E8C-C147B635B6A5}.Debug|Any CPU.Build.0 = Debug|Any CPU
		{1DC72A50-324D-43C9-8E8C-C147B635B6A5}.ExportDebug|Any CPU.ActiveCfg = ExportDebug|Any CPU
		{1DC72A50-324D-43C9-8E8C-C147B635B6A5}.ExportDebug|Any CPU.Build.0 = ExportDebug|Any CPU
		{1DC72A50-324D-43C9-8E8C-C147B635B6A5}.ExportRelease|Any CPU.ActiveCfg = ExportRelease|Any CPU
		{1DC72A50-324D-43C9-8E8C-C147B635B6A5}.ExportRelease|Any CPU.Build.0 = ExportRelease|Any CPU
	EndGlobalSection
EndGlobal
